
Microsoft Visual Studio Solution File, Format Version 12.00
# Visual Studio 15
VisualStudioVersion = 15.0.26730.12
MinimumVisualStudioVersion = 10.0.40219.1
Project("{FAE04EC0-301F-11D3-BF4B-00C04F79EFBC}") = "EmailClient.UI", "EmailClient.UI\EmailClient.UI.csproj", "{C29C7289-D238-4C3E-A95D-58C5A54D03AC}"
EndProject
Global
	GlobalSection(SolutionConfigurationPlatforms) = preSolution
		Debug|Any CPU = Debug|Any CPU
		Release|Any CPU = Release|Any CPU
	EndGlobalSection
	GlobalSection(ProjectConfigurationPlatforms) = postSolution
		{C29C7289-D238-4C3E-A95D-58C5A54D03AC}.Debug|Any CPU.ActiveCfg = Debug|Any CPU
		{C29C7289-D238-4C3E-A95D-58C5A54D03AC}.Debug|Any CPU.Build.0 = Debug|Any CPU
		{C29C7289-D238-4C3E-A95D-58C5A54D03AC}.Release|Any CPU.ActiveCfg = Release|Any CPU
		{C29C7289-D238-4C3E-A95D-58C5A54D03AC}.Release|Any CPU.Build.0 = Release|Any CPU
	EndGlobalSection
	GlobalSection(SolutionProperties) = preSolution
		HideSolutionNode = FALSE
	EndGlobalSection
	GlobalSection(ExtensibilityGlobals) = postSolution
		SolutionGuid = {6C916DC0-015D-4568-81ED-226EE3906A4C}
	EndGlobalSection
EndGlobal
